// !$*UTF8*$!
{
	archiveVersion = 1;
	classes = {
	};
	objectVersion = 55;
	objects = {

/* Begin PBXBuildFile section */
		343F13C1143E72D94ADC35AA /* Pods_MyRecipes.framework in Frameworks */ = {isa = PBXBuildFile; fileRef = 11B63BBBC9C625E08C7EF36B /* Pods_MyRecipes.framework */; };
		4F6060DC28C7D04F00CC1D69 /* RecipeBlockView.swift in Sources */ = {isa = PBXBuildFile; fileRef = 4F6060DB28C7D04F00CC1D69 /* RecipeBlockView.swift */; };
		4F6060DE28C7D99500CC1D69 /* ImageOverlay.swift in Sources */ = {isa = PBXBuildFile; fileRef = 4F6060DD28C7D99500CC1D69 /* ImageOverlay.swift */; };
		4F6C94C728D9233B0075867E /* Ingredient.swift in Sources */ = {isa = PBXBuildFile; fileRef = 4F6C94C628D9233B0075867E /* Ingredient.swift */; };
		4F6C94C928D925550075867E /* Direction.swift in Sources */ = {isa = PBXBuildFile; fileRef = 4F6C94C828D925550075867E /* Direction.swift */; };
		4F6C94CB28D9280F0075867E /* IngredientsListViewModel.swift in Sources */ = {isa = PBXBuildFile; fileRef = 4F6C94CA28D9280F0075867E /* IngredientsListViewModel.swift */; };
		4F73EB5228D651000067BA64 /* CustomTextFieldView.swift in Sources */ = {isa = PBXBuildFile; fileRef = 4F73EB5128D651000067BA64 /* CustomTextFieldView.swift */; };
		4F73EB5428D678260067BA64 /* IngredientsListView.swift in Sources */ = {isa = PBXBuildFile; fileRef = 4F73EB5328D678260067BA64 /* IngredientsListView.swift */; };
		4F75230828B84E0100C255AB /* Recipe.swift in Sources */ = {isa = PBXBuildFile; fileRef = 4F75230728B84E0100C255AB /* Recipe.swift */; };
		4FA0167B28CA905800FE1FCA /* MenuViewModel.swift in Sources */ = {isa = PBXBuildFile; fileRef = 4FA0167A28CA905800FE1FCA /* MenuViewModel.swift */; };
		4FA0167D28CA928300FE1FCA /* ImagePicker.swift in Sources */ = {isa = PBXBuildFile; fileRef = 4FA0167C28CA928300FE1FCA /* ImagePicker.swift */; };
		4FA5832928DBB98100598469 /* PreIngredient.swift in Sources */ = {isa = PBXBuildFile; fileRef = 4FA5832828DBB98100598469 /* PreIngredient.swift */; };
		4FC1CA6B28B6C9B8006C4566 /* MyRecipesApp.swift in Sources */ = {isa = PBXBuildFile; fileRef = 4FC1CA6A28B6C9B8006C4566 /* MyRecipesApp.swift */; };
		4FC1CA6D28B6C9B8006C4566 /* MenuView.swift in Sources */ = {isa = PBXBuildFile; fileRef = 4FC1CA6C28B6C9B8006C4566 /* MenuView.swift */; };
		4FC1CA6F28B6C9B9006C4566 /* Assets.xcassets in Resources */ = {isa = PBXBuildFile; fileRef = 4FC1CA6E28B6C9B9006C4566 /* Assets.xcassets */; };
		4FC1CA7228B6C9B9006C4566 /* Preview Assets.xcassets in Resources */ = {isa = PBXBuildFile; fileRef = 4FC1CA7128B6C9B9006C4566 /* Preview Assets.xcassets */; };
		4FDDE8D728C902A5001FB29A /* AddView.swift in Sources */ = {isa = PBXBuildFile; fileRef = 4FDDE8D628C902A5001FB29A /* AddView.swift */; };
/* End PBXBuildFile section */

/* Begin PBXFileReference section */
		11B63BBBC9C625E08C7EF36B /* Pods_MyRecipes.framework */ = {isa = PBXFileReference; explicitFileType = wrapper.framework; includeInIndex = 0; path = Pods_MyRecipes.framework; sourceTree = BUILT_PRODUCTS_DIR; };
		4F6060DB28C7D04F00CC1D69 /* RecipeBlockView.swift */ = {isa = PBXFileReference; lastKnownFileType = sourcecode.swift; path = RecipeBlockView.swift; sourceTree = "<group>"; };
		4F6060DD28C7D99500CC1D69 /* ImageOverlay.swift */ = {isa = PBXFileReference; lastKnownFileType = sourcecode.swift; path = ImageOverlay.swift; sourceTree = "<group>"; };
		4F6C94C628D9233B0075867E /* Ingredient.swift */ = {isa = PBXFileReference; lastKnownFileType = sourcecode.swift; path = Ingredient.swift; sourceTree = "<group>"; };
		4F6C94C828D925550075867E /* Direction.swift */ = {isa = PBXFileReference; lastKnownFileType = sourcecode.swift; path = Direction.swift; sourceTree = "<group>"; };
		4F6C94CA28D9280F0075867E /* IngredientsListViewModel.swift */ = {isa = PBXFileReference; lastKnownFileType = sourcecode.swift; path = IngredientsListViewModel.swift; sourceTree = "<group>"; };
		4F73EB5128D651000067BA64 /* CustomTextFieldView.swift */ = {isa = PBXFileReference; lastKnownFileType = sourcecode.swift; path = CustomTextFieldView.swift; sourceTree = "<group>"; };
		4F73EB5328D678260067BA64 /* IngredientsListView.swift */ = {isa = PBXFileReference; lastKnownFileType = sourcecode.swift; path = IngredientsListView.swift; sourceTree = "<group>"; };
		4F75230728B84E0100C255AB /* Recipe.swift */ = {isa = PBXFileReference; lastKnownFileType = sourcecode.swift; path = Recipe.swift; sourceTree = "<group>"; };
		4FA0167A28CA905800FE1FCA /* MenuViewModel.swift */ = {isa = PBXFileReference; lastKnownFileType = sourcecode.swift; path = MenuViewModel.swift; sourceTree = "<group>"; };
		4FA0167C28CA928300FE1FCA /* ImagePicker.swift */ = {isa = PBXFileReference; lastKnownFileType = sourcecode.swift; path = ImagePicker.swift; sourceTree = "<group>"; };
		4FA5832828DBB98100598469 /* PreIngredient.swift */ = {isa = PBXFileReference; lastKnownFileType = sourcecode.swift; path = PreIngredient.swift; sourceTree = "<group>"; };
		4FC1CA6728B6C9B8006C4566 /* MyRecipes.app */ = {isa = PBXFileReference; explicitFileType = wrapper.application; includeInIndex = 0; path = MyRecipes.app; sourceTree = BUILT_PRODUCTS_DIR; };
		4FC1CA6A28B6C9B8006C4566 /* MyRecipesApp.swift */ = {isa = PBXFileReference; lastKnownFileType = sourcecode.swift; path = MyRecipesApp.swift; sourceTree = "<group>"; };
		4FC1CA6C28B6C9B8006C4566 /* MenuView.swift */ = {isa = PBXFileReference; lastKnownFileType = sourcecode.swift; path = MenuView.swift; sourceTree = "<group>"; };
		4FC1CA6E28B6C9B9006C4566 /* Assets.xcassets */ = {isa = PBXFileReference; lastKnownFileType = folder.assetcatalog; path = Assets.xcassets; sourceTree = "<group>"; };
		4FC1CA7128B6C9B9006C4566 /* Preview Assets.xcassets */ = {isa = PBXFileReference; lastKnownFileType = folder.assetcatalog; path = "Preview Assets.xcassets"; sourceTree = "<group>"; };
		4FDDE8D628C902A5001FB29A /* AddView.swift */ = {isa = PBXFileReference; lastKnownFileType = sourcecode.swift; path = AddView.swift; sourceTree = "<group>"; };
		AC852458B6B99569465AB150 /* Pods-MyRecipes.debug.xcconfig */ = {isa = PBXFileReference; includeInIndex = 1; lastKnownFileType = text.xcconfig; name = "Pods-MyRecipes.debug.xcconfig"; path = "Target Support Files/Pods-MyRecipes/Pods-MyRecipes.debug.xcconfig"; sourceTree = "<group>"; };
		B99D59C04024F8D53CAC9704 /* Pods-MyRecipes.release.xcconfig */ = {isa = PBXFileReference; includeInIndex = 1; lastKnownFileType = text.xcconfig; name = "Pods-MyRecipes.release.xcconfig"; path = "Target Support Files/Pods-MyRecipes/Pods-MyRecipes.release.xcconfig"; sourceTree = "<group>"; };
/* End PBXFileReference section */

/* Begin PBXFrameworksBuildPhase section */
		4FC1CA6428B6C9B8006C4566 /* Frameworks */ = {
			isa = PBXFrameworksBuildPhase;
			buildActionMask = 2147483647;
			files = (
				343F13C1143E72D94ADC35AA /* Pods_MyRecipes.framework in Frameworks */,
			);
			runOnlyForDeploymentPostprocessing = 0;
		};
/* End PBXFrameworksBuildPhase section */

/* Begin PBXGroup section */
		33782D3AC47E37A98F02FA52 /* Frameworks */ = {
			isa = PBXGroup;
			children = (
				11B63BBBC9C625E08C7EF36B /* Pods_MyRecipes.framework */,
			);
			name = Frameworks;
			sourceTree = "<group>";
		};
		4F75230428B84DCD00C255AB /* Model */ = {
			isa = PBXGroup;
			children = (
				4F75230728B84E0100C255AB /* Recipe.swift */,
				4F6C94C628D9233B0075867E /* Ingredient.swift */,
				4F6C94C828D925550075867E /* Direction.swift */,
				4FA5832828DBB98100598469 /* PreIngredient.swift */,
			);
			path = Model;
			sourceTree = "<group>";
		};
		4FC1CA5E28B6C9B8006C4566 = {
			isa = PBXGroup;
			children = (
				4FC1CA6928B6C9B8006C4566 /* MyRecipes */,
				4FC1CA6828B6C9B8006C4566 /* Products */,
				E5258625929466E911B892BD /* Pods */,
				33782D3AC47E37A98F02FA52 /* Frameworks */,
			);
			sourceTree = "<group>";
		};
		4FC1CA6828B6C9B8006C4566 /* Products */ = {
			isa = PBXGroup;
			children = (
				4FC1CA6728B6C9B8006C4566 /* MyRecipes.app */,
			);
			name = Products;
			sourceTree = "<group>";
		};
		4FC1CA6928B6C9B8006C4566 /* MyRecipes */ = {
			isa = PBXGroup;
			children = (
				4FC1CA6A28B6C9B8006C4566 /* MyRecipesApp.swift */,
				4F75230428B84DCD00C255AB /* Model */,
				4FC1CA7D28B6D530006C4566 /* ViewModel */,
				4FC1CA7828B6CF7F006C4566 /* View */,
				4FC1CA6E28B6C9B9006C4566 /* Assets.xcassets */,
				4FC1CA7028B6C9B9006C4566 /* Preview Content */,
			);
			path = MyRecipes;
			sourceTree = "<group>";
		};
		4FC1CA7028B6C9B9006C4566 /* Preview Content */ = {
			isa = PBXGroup;
			children = (
				4FC1CA7128B6C9B9006C4566 /* Preview Assets.xcassets */,
			);
			path = "Preview Content";
			sourceTree = "<group>";
		};
		4FC1CA7828B6CF7F006C4566 /* View */ = {
			isa = PBXGroup;
			children = (
				4FC1CA6C28B6C9B8006C4566 /* MenuView.swift */,
				4F6060DB28C7D04F00CC1D69 /* RecipeBlockView.swift */,
				4F6060DD28C7D99500CC1D69 /* ImageOverlay.swift */,
				4FDDE8D628C902A5001FB29A /* AddView.swift */,
				4F73EB5128D651000067BA64 /* CustomTextFieldView.swift */,
				4F73EB5328D678260067BA64 /* IngredientsListView.swift */,
			);
			path = View;
			sourceTree = "<group>";
		};
		4FC1CA7D28B6D530006C4566 /* ViewModel */ = {
			isa = PBXGroup;
			children = (
				4FA0167A28CA905800FE1FCA /* MenuViewModel.swift */,
				4FA0167C28CA928300FE1FCA /* ImagePicker.swift */,
				4F6C94CA28D9280F0075867E /* IngredientsListViewModel.swift */,
			);
			path = ViewModel;
			sourceTree = "<group>";
		};
		E5258625929466E911B892BD /* Pods */ = {
			isa = PBXGroup;
			children = (
				AC852458B6B99569465AB150 /* Pods-MyRecipes.debug.xcconfig */,
				B99D59C04024F8D53CAC9704 /* Pods-MyRecipes.release.xcconfig */,
			);
			path = Pods;
			sourceTree = "<group>";
		};
/* End PBXGroup section */

/* Begin PBXNativeTarget section */
		4FC1CA6628B6C9B8006C4566 /* MyRecipes */ = {
			isa = PBXNativeTarget;
			buildConfigurationList = 4FC1CA7528B6C9B9006C4566 /* Build configuration list for PBXNativeTarget "MyRecipes" */;
			buildPhases = (
				559F297A33562515FDAAEB3C /* [CP] Check Pods Manifest.lock */,
				4FC1CA6328B6C9B8006C4566 /* Sources */,
				4FC1CA6428B6C9B8006C4566 /* Frameworks */,
				4FC1CA6528B6C9B8006C4566 /* Resources */,
				51F25B1B05142CEA6FB9F907 /* [CP] Embed Pods Frameworks */,
			);
			buildRules = (
			);
			dependencies = (
			);
			name = MyRecipes;
			productName = MyRecipes;
			productReference = 4FC1CA6728B6C9B8006C4566 /* MyRecipes.app */;
			productType = "com.apple.product-type.application";
		};
/* End PBXNativeTarget section */

/* Begin PBXProject section */
		4FC1CA5F28B6C9B8006C4566 /* Project object */ = {
			isa = PBXProject;
			attributes = {
				BuildIndependentTargetsInParallel = 1;
				LastSwiftUpdateCheck = 1340;
				LastUpgradeCheck = 1340;
				TargetAttributes = {
					4FC1CA6628B6C9B8006C4566 = {
						CreatedOnToolsVersion = 13.4.1;
					};
				};
			};
			buildConfigurationList = 4FC1CA6228B6C9B8006C4566 /* Build configuration list for PBXProject "MyRecipes" */;
			compatibilityVersion = "Xcode 13.0";
			developmentRegion = en;
			hasScannedForEncodings = 0;
			knownRegions = (
				en,
				Base,
			);
			mainGroup = 4FC1CA5E28B6C9B8006C4566;
			productRefGroup = 4FC1CA6828B6C9B8006C4566 /* Products */;
			projectDirPath = "";
			projectRoot = "";
			targets = (
				4FC1CA6628B6C9B8006C4566 /* MyRecipes */,
			);
		};
/* End PBXProject section */

/* Begin PBXResourcesBuildPhase section */
		4FC1CA6528B6C9B8006C4566 /* Resources */ = {
			isa = PBXResourcesBuildPhase;
			buildActionMask = 2147483647;
			files = (
				4FC1CA7228B6C9B9006C4566 /* Preview Assets.xcassets in Resources */,
				4FC1CA6F28B6C9B9006C4566 /* Assets.xcassets in Resources */,
			);
			runOnlyForDeploymentPostprocessing = 0;
		};
/* End PBXResourcesBuildPhase section */

/* Begin PBXShellScriptBuildPhase section */
		51F25B1B05142CEA6FB9F907 /* [CP] Embed Pods Frameworks */ = {
			isa = PBXShellScriptBuildPhase;
			buildActionMask = 2147483647;
			files = (
			);
			inputFileListPaths = (
				"${PODS_ROOT}/Target Support Files/Pods-MyRecipes/Pods-MyRecipes-frameworks-${CONFIGURATION}-input-files.xcfilelist",
			);
			name = "[CP] Embed Pods Frameworks";
			outputFileListPaths = (
				"${PODS_ROOT}/Target Support Files/Pods-MyRecipes/Pods-MyRecipes-frameworks-${CONFIGURATION}-output-files.xcfilelist",
			);
			runOnlyForDeploymentPostprocessing = 0;
			shellPath = /bin/sh;
			shellScript = "\"${PODS_ROOT}/Target Support Files/Pods-MyRecipes/Pods-MyRecipes-frameworks.sh\"\n";
			showEnvVarsInLog = 0;
		};
		559F297A33562515FDAAEB3C /* [CP] Check Pods Manifest.lock */ = {
			isa = PBXShellScriptBuildPhase;
			buildActionMask = 2147483647;
			files = (
			);
			inputFileListPaths = (
			);
			inputPaths = (
				"${PODS_PODFILE_DIR_PATH}/Podfile.lock",
				"${PODS_ROOT}/Manifest.lock",
			);
			name = "[CP] Check Pods Manifest.lock";
			outputFileListPaths = (
			);
			outputPaths = (
				"$(DERIVED_FILE_DIR)/Pods-MyRecipes-checkManifestLockResult.txt",
			);
			runOnlyForDeploymentPostprocessing = 0;
			shellPath = /bin/sh;
			shellScript = "diff \"${PODS_PODFILE_DIR_PATH}/Podfile.lock\" \"${PODS_ROOT}/Manifest.lock\" > /dev/null\nif [ $? != 0 ] ; then\n    # print error to STDERR\n    echo \"error: The sandbox is not in sync with the Podfile.lock. Run 'pod install' or update your CocoaPods installation.\" >&2\n    exit 1\nfi\n# This output is used by Xcode 'outputs' to avoid re-running this script phase.\necho \"SUCCESS\" > \"${SCRIPT_OUTPUT_FILE_0}\"\n";
			showEnvVarsInLog = 0;
		};
/* End PBXShellScriptBuildPhase section */

/* Begin PBXSourcesBuildPhase section */
		4FC1CA6328B6C9B8006C4566 /* Sources */ = {
			isa = PBXSourcesBuildPhase;
			buildActionMask = 2147483647;
			files = (
				4FDDE8D728C902A5001FB29A /* AddView.swift in Sources */,
				4FA0167B28CA905800FE1FCA /* MenuViewModel.swift in Sources */,
				4F6C94CB28D9280F0075867E /* IngredientsListViewModel.swift in Sources */,
				4FC1CA6D28B6C9B8006C4566 /* MenuView.swift in Sources */,
				4F6060DC28C7D04F00CC1D69 /* RecipeBlockView.swift in Sources */,
				4F73EB5428D678260067BA64 /* IngredientsListView.swift in Sources */,
				4FC1CA6B28B6C9B8006C4566 /* MyRecipesApp.swift in Sources */,
				4F73EB5228D651000067BA64 /* CustomTextFieldView.swift in Sources */,
				4FA5832928DBB98100598469 /* PreIngredient.swift in Sources */,
				4FA0167D28CA928300FE1FCA /* ImagePicker.swift in Sources */,
				4F6060DE28C7D99500CC1D69 /* ImageOverlay.swift in Sources */,
				4F75230828B84E0100C255AB /* Recipe.swift in Sources */,
				4F6C94C728D9233B0075867E /* Ingredient.swift in Sources */,
				4F6C94C928D925550075867E /* Direction.swift in Sources */,
			);
			runOnlyForDeploymentPostprocessing = 0;
		};
/* End PBXSourcesBuildPhase section */

/* Begin XCBuildConfiguration section */
		4FC1CA7328B6C9B9006C4566 /* Debug */ = {
			isa = XCBuildConfiguration;
			buildSettings = {
				ALWAYS_SEARCH_USER_PATHS = NO;
				CLANG_ANALYZER_NONNULL = YES;
				CLANG_ANALYZER_NUMBER_OBJECT_CONVERSION = YES_AGGRESSIVE;
				CLANG_CXX_LANGUAGE_STANDARD = "gnu++17";
				CLANG_ENABLE_MODULES = YES;
				CLANG_ENABLE_OBJC_ARC = YES;
				CLANG_ENABLE_OBJC_WEAK = YES;
				CLANG_WARN_BLOCK_CAPTURE_AUTORELEASING = YES;
				CLANG_WARN_BOOL_CONVERSION = YES;
				CLANG_WARN_COMMA = YES;
				CLANG_WARN_CONSTANT_CONVERSION = YES;
				CLANG_WARN_DEPRECATED_OBJC_IMPLEMENTATIONS = YES;
				CLANG_WARN_DIRECT_OBJC_ISA_USAGE = YES_ERROR;
				CLANG_WARN_DOCUMENTATION_COMMENTS = YES;
				CLANG_WARN_EMPTY_BODY = YES;
				CLANG_WARN_ENUM_CONVERSION = YES;
				CLANG_WARN_INFINITE_RECURSION = YES;
				CLANG_WARN_INT_CONVERSION = YES;
				CLANG_WARN_NON_LITERAL_NULL_CONVERSION = YES;
				CLANG_WARN_OBJC_IMPLICIT_RETAIN_SELF = YES;
				CLANG_WARN_OBJC_LITERAL_CONVERSION = YES;
				CLANG_WARN_OBJC_ROOT_CLASS = YES_ERROR;
				CLANG_WARN_QUOTED_INCLUDE_IN_FRAMEWORK_HEADER = YES;
				CLANG_WARN_RANGE_LOOP_ANALYSIS = YES;
				CLANG_WARN_STRICT_PROTOTYPES = YES;
				CLANG_WARN_SUSPICIOUS_MOVE = YES;
				CLANG_WARN_UNGUARDED_AVAILABILITY = YES_AGGRESSIVE;
				CLANG_WARN_UNREACHABLE_CODE = YES;
				CLANG_WARN__DUPLICATE_METHOD_MATCH = YES;
				COPY_PHASE_STRIP = NO;
				DEBUG_INFORMATION_FORMAT = dwarf;
				ENABLE_STRICT_OBJC_MSGSEND = YES;
				ENABLE_TESTABILITY = YES;
				GCC_C_LANGUAGE_STANDARD = gnu11;
				GCC_DYNAMIC_NO_PIC = NO;
				GCC_NO_COMMON_BLOCKS = YES;
				GCC_OPTIMIZATION_LEVEL = 0;
				GCC_PREPROCESSOR_DEFINITIONS = (
					"DEBUG=1",
					"$(inherited)",
				);
				GCC_WARN_64_TO_32_BIT_CONVERSION = YES;
				GCC_WARN_ABOUT_RETURN_TYPE = YES_ERROR;
				GCC_WARN_UNDECLARED_SELECTOR = YES;
				GCC_WARN_UNINITIALIZED_AUTOS = YES_AGGRESSIVE;
				GCC_WARN_UNUSED_FUNCTION = YES;
				GCC_WARN_UNUSED_VARIABLE = YES;
				IPHONEOS_DEPLOYMENT_TARGET = 15.5;
				MTL_ENABLE_DEBUG_INFO = INCLUDE_SOURCE;
				MTL_FAST_MATH = YES;
				ONLY_ACTIVE_ARCH = YES;
				SDKROOT = iphoneos;
				SWIFT_ACTIVE_COMPILATION_CONDITIONS = DEBUG;
				SWIFT_OPTIMIZATION_LEVEL = "-Onone";
			};
			name = Debug;
		};
		4FC1CA7428B6C9B9006C4566 /* Release */ = {
			isa = XCBuildConfiguration;
			buildSettings = {
				ALWAYS_SEARCH_USER_PATHS = NO;
				CLANG_ANALYZER_NONNULL = YES;
				CLANG_ANALYZER_NUMBER_OBJECT_CONVERSION = YES_AGGRESSIVE;
				CLANG_CXX_LANGUAGE_STANDARD = "gnu++17";
				CLANG_ENABLE_MODULES = YES;
				CLANG_ENABLE_OBJC_ARC = YES;
				CLANG_ENABLE_OBJC_WEAK = YES;
				CLANG_WARN_BLOCK_CAPTURE_AUTORELEASING = YES;
				CLANG_WARN_BOOL_CONVERSION = YES;
				CLANG_WARN_COMMA = YES;
				CLANG_WARN_CONSTANT_CONVERSION = YES;
				CLANG_WARN_DEPRECATED_OBJC_IMPLEMENTATIONS = YES;
				CLANG_WARN_DIRECT_OBJC_ISA_USAGE = YES_ERROR;
				CLANG_WARN_DOCUMENTATION_COMMENTS = YES;
				CLANG_WARN_EMPTY_BODY = YES;
				CLANG_WARN_ENUM_CONVERSION = YES;
				CLANG_WARN_INFINITE_RECURSION = YES;
				CLANG_WARN_INT_CONVERSION = YES;
				CLANG_WARN_NON_LITERAL_NULL_CONVERSION = YES;
				CLANG_WARN_OBJC_IMPLICIT_RETAIN_SELF = YES;
				CLANG_WARN_OBJC_LITERAL_CONVERSION = YES;
				CLANG_WARN_OBJC_ROOT_CLASS = YES_ERROR;
				CLANG_WARN_QUOTED_INCLUDE_IN_FRAMEWORK_HEADER = YES;
				CLANG_WARN_RANGE_LOOP_ANALYSIS = YES;
				CLANG_WARN_STRICT_PROTOTYPES = YES;
				CLANG_WARN_SUSPICIOUS_MOVE = YES;
				CLANG_WARN_UNGUARDED_AVAILABILITY = YES_AGGRESSIVE;
				CLANG_WARN_UNREACHABLE_CODE = YES;
				CLANG_WARN__DUPLICATE_METHOD_MATCH = YES;
				COPY_PHASE_STRIP = NO;
				DEBUG_INFORMATION_FORMAT = "dwarf-with-dsym";
				ENABLE_NS_ASSERTIONS = NO;
				ENABLE_STRICT_OBJC_MSGSEND = YES;
				GCC_C_LANGUAGE_STANDARD = gnu11;
				GCC_NO_COMMON_BLOCKS = YES;
				GCC_WARN_64_TO_32_BIT_CONVERSION = YES;
				GCC_WARN_ABOUT_RETURN_TYPE = YES_ERROR;
				GCC_WARN_UNDECLARED_SELECTOR = YES;
				GCC_WARN_UNINITIALIZED_AUTOS = YES_AGGRESSIVE;
				GCC_WARN_UNUSED_FUNCTION = YES;
				GCC_WARN_UNUSED_VARIABLE = YES;
				IPHONEOS_DEPLOYMENT_TARGET = 15.5;
				MTL_ENABLE_DEBUG_INFO = NO;
				MTL_FAST_MATH = YES;
				SDKROOT = iphoneos;
				SWIFT_COMPILATION_MODE = wholemodule;
				SWIFT_OPTIMIZATION_LEVEL = "-O";
				VALIDATE_PRODUCT = YES;
			};
			name = Release;
		};
		4FC1CA7628B6C9B9006C4566 /* Debug */ = {
			isa = XCBuildConfiguration;
			baseConfigurationReference = AC852458B6B99569465AB150 /* Pods-MyRecipes.debug.xcconfig */;
			buildSettings = {
				ASSETCATALOG_COMPILER_APPICON_NAME = AppIcon;
				ASSETCATALOG_COMPILER_GLOBAL_ACCENT_COLOR_NAME = AccentColor;
				CODE_SIGN_STYLE = Automatic;
				CURRENT_PROJECT_VERSION = 1;
				DEVELOPMENT_ASSET_PATHS = "\"MyRecipes/Preview Content\"";
				DEVELOPMENT_TEAM = 28TZUHU66D;
				ENABLE_PREVIEWS = YES;
				GENERATE_INFOPLIST_FILE = YES;
				INFOPLIST_KEY_UIApplicationSceneManifest_Generation = YES;
				INFOPLIST_KEY_UIApplicationSupportsIndirectInputEvents = YES;
				INFOPLIST_KEY_UILaunchScreen_Generation = YES;
				INFOPLIST_KEY_UISupportedInterfaceOrientations_iPad = "UIInterfaceOrientationPortrait UIInterfaceOrientationPortraitUpsideDown UIInterfaceOrientationLandscapeLeft UIInterfaceOrientationLandscapeRight";
				INFOPLIST_KEY_UISupportedInterfaceOrientations_iPhone = "UIInterfaceOrientationPortrait UIInterfaceOrientationLandscapeLeft UIInterfaceOrientationLandscapeRight";
				LD_RUNPATH_SEARCH_PATHS = (
					"$(inherited)",
					"@executable_path/Frameworks",
				);
				MARKETING_VERSION = 1.0;
				PRODUCT_BUNDLE_IDENTIFIER = alicja.gruca.MyRecipes;
				PRODUCT_NAME = "$(TARGET_NAME)";
				SWIFT_EMIT_LOC_STRINGS = YES;
				SWIFT_VERSION = 5.0;
				TARGETED_DEVICE_FAMILY = "1,2";
			};
			name = Debug;
		};
		4FC1CA7728B6C9B9006C4566 /* Release */ = {
			isa = XCBuildConfiguration;
			baseConfigurationReference = B99D59C04024F8D53CAC9704 /* Pods-MyRecipes.release.xcconfig */;
			buildSettings = {
				ASSETCATALOG_COMPILER_APPICON_NAME = AppIcon;
				ASSETCATALOG_COMPILER_GLOBAL_ACCENT_COLOR_NAME = AccentColor;
				CODE_SIGN_STYLE = Automatic;
				CURRENT_PROJECT_VERSION = 1;
				DEVELOPMENT_ASSET_PATHS = "\"MyRecipes/Preview Content\"";
				DEVELOPMENT_TEAM = 28TZUHU66D;
				ENABLE_PREVIEWS = YES;
				GENERATE_INFOPLIST_FILE = YES;
				INFOPLIST_KEY_UIApplicationSceneManifest_Generation = YES;
				INFOPLIST_KEY_UIApplicationSupportsIndirectInputEvents = YES;
				INFOPLIST_KEY_UILaunchScreen_Generation = YES;
				INFOPLIST_KEY_UISupportedInterfaceOrientations_iPad = "UIInterfaceOrientationPortrait UIInterfaceOrientationPortraitUpsideDown UIInterfaceOrientationLandscapeLeft UIInterfaceOrientationLandscapeRight";
				INFOPLIST_KEY_UISupportedInterfaceOrientations_iPhone = "UIInterfaceOrientationPortrait UIInterfaceOrientationLandscapeLeft UIInterfaceOrientationLandscapeRight";
				LD_RUNPATH_SEARCH_PATHS = (
					"$(inherited)",
					"@executable_path/Frameworks",
				);
				MARKETING_VERSION = 1.0;
				PRODUCT_BUNDLE_IDENTIFIER = alicja.gruca.MyRecipes;
				PRODUCT_NAME = "$(TARGET_NAME)";
				SWIFT_EMIT_LOC_STRINGS = YES;
				SWIFT_VERSION = 5.0;
				TARGETED_DEVICE_FAMILY = "1,2";
			};
			name = Release;
		};
/* End XCBuildConfiguration section */

/* Begin XCConfigurationList section */
		4FC1CA6228B6C9B8006C4566 /* Build configuration list for PBXProject "MyRecipes" */ = {
			isa = XCConfigurationList;
			buildConfigurations = (
				4FC1CA7328B6C9B9006C4566 /* Debug */,
				4FC1CA7428B6C9B9006C4566 /* Release */,
			);
			defaultConfigurationIsVisible = 0;
			defaultConfigurationName = Release;
		};
		4FC1CA7528B6C9B9006C4566 /* Build configuration list for PBXNativeTarget "MyRecipes" */ = {
			isa = XCConfigurationList;
			buildConfigurations = (
				4FC1CA7628B6C9B9006C4566 /* Debug */,
				4FC1CA7728B6C9B9006C4566 /* Release */,
			);
			defaultConfigurationIsVisible = 0;
			defaultConfigurationName = Release;
		};
/* End XCConfigurationList section */
	};
	rootObject = 4FC1CA5F28B6C9B8006C4566 /* Project object */;
}
